dependencies:
- name: rabbitmq
  repository: https://charts.bitnami.com/bitnami
  version: 6.28.1
- name: betydb
  repository: https://opensource.ncsa.illinois.edu/charts/
  version: 0.5.0
digest: sha256:d34af8020b6e01bf83b73b48b5fb603019caa13581bc24c852b591378373bad6
generated: "2021-10-12T13:03:50.335584-05:00"
